
Microsoft Visual Studio Solution File, Format Version 12.00
# Visual Studio 15
VisualStudioVersion = 15.0.27703.2026
MinimumVisualStudioVersion = 10.0.40219.1
Project("{2150E333-8FDC-42A3-9474-1A3956D46DE8}") = "Tests", "Tests", "{E16404ED-0389-4C27-95C1-036601042AB7}"
EndProject
Project("{FAE04EC0-301F-11D3-BF4B-00C04F79EFBC}") = "Tests.Unit.DesignPatterns", "Tests.Unit.DesignPatterns\Tests.Unit.DesignPatterns.csproj", "{AD8E4075-D508-473E-8BC1-97F416DFC045}"
EndProject
Project("{FAE04EC0-301F-11D3-BF4B-00C04F79EFBC}") = "DesignPatterns", "DesignPatterns\DesignPatterns.csproj", "{BC5FFF9A-EF2A-4943-8905-245DE20A77B7}"
EndProject
Global
	GlobalSection(SolutionConfigurationPlatforms) = preSolution
		Debug|Any CPU = Debug|Any CPU
		Release|Any CPU = Release|Any CPU
	EndGlobalSection
	GlobalSection(ProjectConfigurationPlatforms) = postSolution
		{AD8E4075-D508-473E-8BC1-97F416DFC045}.Debug|Any CPU.ActiveCfg = Debug|Any CPU
		{AD8E4075-D508-473E-8BC1-97F416DFC045}.Debug|Any CPU.Build.0 = Debug|Any CPU
		{AD8E4075-D508-473E-8BC1-97F416DFC045}.Release|Any CPU.ActiveCfg = Release|Any CPU
		{AD8E4075-D508-473E-8BC1-97F416DFC045}.Release|Any CPU.Build.0 = Release|Any CPU
		{BC5FFF9A-EF2A-4943-8905-245DE20A77B7}.Debug|Any CPU.ActiveCfg = Debug|Any CPU
		{BC5FFF9A-EF2A-4943-8905-245DE20A77B7}.Debug|Any CPU.Build.0 = Debug|Any CPU
		{BC5FFF9A-EF2A-4943-8905-245DE20A77B7}.Release|Any CPU.ActiveCfg = Release|Any CPU
		{BC5FFF9A-EF2A-4943-8905-245DE20A77B7}.Release|Any CPU.Build.0 = Release|Any CPU
	EndGlobalSection
	GlobalSection(SolutionProperties) = preSolution
		HideSolutionNode = FALSE
	EndGlobalSection
	GlobalSection(NestedProjects) = preSolution
		{AD8E4075-D508-473E-8BC1-97F416DFC045} = {E16404ED-0389-4C27-95C1-036601042AB7}
	EndGlobalSection
	GlobalSection(ExtensibilityGlobals) = postSolution
		SolutionGuid = {FD992E14-79E3-42CA-8EC7-A752D8F086EB}
	EndGlobalSection
EndGlobal
